
Microsoft Visual Studio Solution File, Format Version 12.00
# Visual Studio Version 17
VisualStudioVersion = 17.5.33516.290
MinimumVisualStudioVersion = 10.0.40219.1
Project("{FAE04EC0-301F-11D3-BF4B-00C04F79EFBC}") = "MvcMovie", "MvcMovie\MvcMovie.csproj", "{12A1942C-F588-4956-B0BC-16C7FAE8797B}"
EndProject
Global
	GlobalSection(SolutionConfigurationPlatforms) = preSolution
		Debug|Any CPU = Debug|Any CPU
		Release|Any CPU = Release|Any CPU
	EndGlobalSection
	GlobalSection(ProjectConfigurationPlatforms) = postSolution
		{12A1942C-F588-4956-B0BC-16C7FAE8797B}.Debug|Any CPU.ActiveCfg = Debug|Any CPU
		{12A1942C-F588-4956-B0BC-16C7FAE8797B}.Debug|Any CPU.Build.0 = Debug|Any CPU
		{12A1942C-F588-4956-B0BC-16C7FAE8797B}.Release|Any CPU.ActiveCfg = Release|Any CPU
		{12A1942C-F588-4956-B0BC-16C7FAE8797B}.Release|Any CPU.Build.0 = Release|Any CPU
	EndGlobalSection
	GlobalSection(SolutionProperties) = preSolution
		HideSolutionNode = FALSE
	EndGlobalSection
	GlobalSection(ExtensibilityGlobals) = postSolution
		SolutionGuid = {5AE92E63-CEDD-4BCA-B300-11B7BCA0A202}
	EndGlobalSection
EndGlobal
